
Microsoft Visual Studio Solution File, Format Version 12.00
# Visual Studio Version 17
VisualStudioVersion = 17.7.34202.233
MinimumVisualStudioVersion = 10.0.40219.1
Project("{9A19103F-16F7-4668-BE54-9A1E7A4F7556}") = "Basic Program", "Basic Program\Basic Program.csproj", "{70EB6FD8-A845-4DE7-8BE1-EA9FA938D12C}"
EndProject
Project("{9A19103F-16F7-4668-BE54-9A1E7A4F7556}") = "StringBasic", "StringBasic\StringBasic.csproj", "{F7FE2258-36A7-404E-8A1E-2331F57D9B53}"
EndProject
Project("{9A19103F-16F7-4668-BE54-9A1E7A4F7556}") = "Assignment", "Assignment-18-10-23\Assignment.csproj", "{3E9D7937-A220-4583-B5A9-86B9408BE944}"
EndProject
Project("{FAE04EC0-301F-11D3-BF4B-00C04F79EFBC}") = "CaseStudy", "CaseStudy\CaseStudy.csproj", "{B1C8A019-F500-4255-AA6D-E49B11D46DBF}"
EndProject
Global
	GlobalSection(SolutionConfigurationPlatforms) = preSolution
		Debug|Any CPU = Debug|Any CPU
		Release|Any CPU = Release|Any CPU
	EndGlobalSection
	GlobalSection(ProjectConfigurationPlatforms) = postSolution
		{70EB6FD8-A845-4DE7-8BE1-EA9FA938D12C}.Debug|Any CPU.ActiveCfg = Debug|Any CPU
		{70EB6FD8-A845-4DE7-8BE1-EA9FA938D12C}.Debug|Any CPU.Build.0 = Debug|Any CPU
		{70EB6FD8-A845-4DE7-8BE1-EA9FA938D12C}.Release|Any CPU.ActiveCfg = Release|Any CPU
		{70EB6FD8-A845-4DE7-8BE1-EA9FA938D12C}.Release|Any CPU.Build.0 = Release|Any CPU
		{F7FE2258-36A7-404E-8A1E-2331F57D9B53}.Debug|Any CPU.ActiveCfg = Debug|Any CPU
		{F7FE2258-36A7-404E-8A1E-2331F57D9B53}.Debug|Any CPU.Build.0 = Debug|Any CPU
		{F7FE2258-36A7-404E-8A1E-2331F57D9B53}.Release|Any CPU.ActiveCfg = Release|Any CPU
		{F7FE2258-36A7-404E-8A1E-2331F57D9B53}.Release|Any CPU.Build.0 = Release|Any CPU
		{3E9D7937-A220-4583-B5A9-86B9408BE944}.Debug|Any CPU.ActiveCfg = Debug|Any CPU
		{3E9D7937-A220-4583-B5A9-86B9408BE944}.Debug|Any CPU.Build.0 = Debug|Any CPU
		{3E9D7937-A220-4583-B5A9-86B9408BE944}.Release|Any CPU.ActiveCfg = Release|Any CPU
		{3E9D7937-A220-4583-B5A9-86B9408BE944}.Release|Any CPU.Build.0 = Release|Any CPU
		{B1C8A019-F500-4255-AA6D-E49B11D46DBF}.Debug|Any CPU.ActiveCfg = Debug|Any CPU
		{B1C8A019-F500-4255-AA6D-E49B11D46DBF}.Debug|Any CPU.Build.0 = Debug|Any CPU
		{B1C8A019-F500-4255-AA6D-E49B11D46DBF}.Release|Any CPU.ActiveCfg = Release|Any CPU
		{B1C8A019-F500-4255-AA6D-E49B11D46DBF}.Release|Any CPU.Build.0 = Release|Any CPU
	EndGlobalSection
	GlobalSection(SolutionProperties) = preSolution
		HideSolutionNode = FALSE
	EndGlobalSection
	GlobalSection(ExtensibilityGlobals) = postSolution
		SolutionGuid = {4C3F2A02-E3D0-43D2-B428-B6B89CC8C2CB}
	EndGlobalSection
EndGlobal
